
Microsoft Visual Studio Solution File, Format Version 12.00
# Visual Studio 2012
Project("{8BC9CEB8-8B4A-11D0-8D11-00A0C91BC942}") = "Fibbonachi", "Fibbonachi\Fibbonachi.vcxproj", "{A25CF1EC-F33B-4907-BF86-96ADFD5F0656}"
EndProject
Global
	GlobalSection(SolutionConfigurationPlatforms) = preSolution
		Debug|Win32 = Debug|Win32
		Release|Win32 = Release|Win32
	EndGlobalSection
	GlobalSection(ProjectConfigurationPlatforms) = postSolution
		{A25CF1EC-F33B-4907-BF86-96ADFD5F0656}.Debug|Win32.ActiveCfg = Debug|Win32
		{A25CF1EC-F33B-4907-BF86-96ADFD5F0656}.Debug|Win32.Build.0 = Debug|Win32
		{A25CF1EC-F33B-4907-BF86-96ADFD5F0656}.Release|Win32.ActiveCfg = Release|Win32
		{A25CF1EC-F33B-4907-BF86-96ADFD5F0656}.Release|Win32.Build.0 = Release|Win32
	EndGlobalSection
	GlobalSection(SolutionProperties) = preSolution
		HideSolutionNode = FALSE
	EndGlobalSection
EndGlobal
